
Microsoft Visual Studio Solution File, Format Version 11.00
# Visual Studio 2010
Project("{FAE04EC0-301F-11D3-BF4B-00C04F79EFBC}") = "lab1_gauss", "lab1_gauss\lab1_gauss.csproj", "{9131CB04-CE6B-47AB-BAE7-F82993D816B9}"
EndProject
Project("{2150E333-8FDC-42A3-9474-1A3956D46DE8}") = "Solution Items", "Solution Items", "{13ED47C3-51F1-4D52-A376-808A3D0F60FE}"
EndProject
Global
	GlobalSection(SolutionConfigurationPlatforms) = preSolution
		Debug|x86 = Debug|x86
		Release|x86 = Release|x86
	EndGlobalSection
	GlobalSection(ProjectConfigurationPlatforms) = postSolution
		{9131CB04-CE6B-47AB-BAE7-F82993D816B9}.Debug|x86.ActiveCfg = Debug|x86
		{9131CB04-CE6B-47AB-BAE7-F82993D816B9}.Debug|x86.Build.0 = Debug|x86
		{9131CB04-CE6B-47AB-BAE7-F82993D816B9}.Release|x86.ActiveCfg = Release|x86
		{9131CB04-CE6B-47AB-BAE7-F82993D816B9}.Release|x86.Build.0 = Release|x86
	EndGlobalSection
	GlobalSection(SolutionProperties) = preSolution
		HideSolutionNode = FALSE
	EndGlobalSection
EndGlobal
